
Microsoft Visual Studio Solution File, Format Version 12.00
# Visual Studio Version 16
VisualStudioVersion = 16.0.31424.327
MinimumVisualStudioVersion = 10.0.40219.1
Project("{FAE04EC0-301F-11D3-BF4B-00C04F79EFBC}") = "Karica", "Karica\Karica.csproj", "{05878155-64F7-4797-A907-58262E561795}"
EndProject
Global
	GlobalSection(SolutionConfigurationPlatforms) = preSolution
		Debug|Any CPU = Debug|Any CPU
		Release|Any CPU = Release|Any CPU
	EndGlobalSection
	GlobalSection(ProjectConfigurationPlatforms) = postSolution
		{05878155-64F7-4797-A907-58262E561795}.Debug|Any CPU.ActiveCfg = Debug|Any CPU
		{05878155-64F7-4797-A907-58262E561795}.Debug|Any CPU.Build.0 = Debug|Any CPU
		{05878155-64F7-4797-A907-58262E561795}.Release|Any CPU.ActiveCfg = Release|Any CPU
		{05878155-64F7-4797-A907-58262E561795}.Release|Any CPU.Build.0 = Release|Any CPU
	EndGlobalSection
	GlobalSection(SolutionProperties) = preSolution
		HideSolutionNode = FALSE
	EndGlobalSection
	GlobalSection(ExtensibilityGlobals) = postSolution
		SolutionGuid = {C295138A-F3C5-42E4-9326-16D3F3F32B15}
	EndGlobalSection
EndGlobal
